// !$*UTF8*$!
{
	archiveVersion = 1;
	classes = {
	};
	objectVersion = 55;
	objects = {

/* Begin PBXBuildFile section */
		157B7AE027F7B60000030D80 /* AppDelegate.swift in Sources */ = {isa = PBXBuildFile; fileRef = 157B7ADF27F7B60000030D80 /* AppDelegate.swift */; };
		157B7AE227F7B60000030D80 /* SceneDelegate.swift in Sources */ = {isa = PBXBuildFile; fileRef = 157B7AE127F7B60000030D80 /* SceneDelegate.swift */; };
		157B7AE427F7B60000030D80 /* HomeViewController.swift in Sources */ = {isa = PBXBuildFile; fileRef = 157B7AE327F7B60000030D80 /* HomeViewController.swift */; };
		157B7AE927F7B60200030D80 /* Assets.xcassets in Resources */ = {isa = PBXBuildFile; fileRef = 157B7AE827F7B60200030D80 /* Assets.xcassets */; };
		157B7AEC27F7B60200030D80 /* LaunchScreen.storyboard in Resources */ = {isa = PBXBuildFile; fileRef = 157B7AEA27F7B60200030D80 /* LaunchScreen.storyboard */; };
		157B7AF527F7BE1300030D80 /* HomeCollectionViewCell.swift in Sources */ = {isa = PBXBuildFile; fileRef = 157B7AF427F7BE1300030D80 /* HomeCollectionViewCell.swift */; };
		157B7AF927F7D2BF00030D80 /* Constants.swift in Sources */ = {isa = PBXBuildFile; fileRef = 157B7AF827F7D2BF00030D80 /* Constants.swift */; };
		157B7AFD27F7D3AE00030D80 /* URLRequestProtocol.swift in Sources */ = {isa = PBXBuildFile; fileRef = 157B7AFC27F7D3AE00030D80 /* URLRequestProtocol.swift */; };
		157B7AFF27F7D45D00030D80 /* HTTPMethod.swift in Sources */ = {isa = PBXBuildFile; fileRef = 157B7AFE27F7D45D00030D80 /* HTTPMethod.swift */; };
		157B7B0127F7D54200030D80 /* HomeRequest.swift in Sources */ = {isa = PBXBuildFile; fileRef = 157B7B0027F7D54200030D80 /* HomeRequest.swift */; };
		157B7B0427F7D6B900030D80 /* Environment.swift in Sources */ = {isa = PBXBuildFile; fileRef = 157B7B0327F7D6B900030D80 /* Environment.swift */; };
		157B7B0627F7DDF800030D80 /* MD5.swift in Sources */ = {isa = PBXBuildFile; fileRef = 157B7B0527F7DDF800030D80 /* MD5.swift */; };
		157B7B0827F7EF8000030D80 /* HeroListServicesProtocol.swift in Sources */ = {isa = PBXBuildFile; fileRef = 157B7B0727F7EF8000030D80 /* HeroListServicesProtocol.swift */; };
		157B7B0B27F7F26300030D80 /* Hero.swift in Sources */ = {isa = PBXBuildFile; fileRef = 157B7B0A27F7F26300030D80 /* Hero.swift */; };
		157B7B0D27F7F2C300030D80 /* HeroListServices.swift in Sources */ = {isa = PBXBuildFile; fileRef = 157B7B0C27F7F2C300030D80 /* HeroListServices.swift */; };
		157B7B1227F805B800030D80 /* UIImageView+Extensions.swift in Sources */ = {isa = PBXBuildFile; fileRef = 157B7B1127F805B800030D80 /* UIImageView+Extensions.swift */; };
/* End PBXBuildFile section */

/* Begin PBXFileReference section */
		157B7ADC27F7B60000030D80 /* Desafio Marvel.app */ = {isa = PBXFileReference; explicitFileType = wrapper.application; includeInIndex = 0; path = "Desafio Marvel.app"; sourceTree = BUILT_PRODUCTS_DIR; };
		157B7ADF27F7B60000030D80 /* AppDelegate.swift */ = {isa = PBXFileReference; lastKnownFileType = sourcecode.swift; path = AppDelegate.swift; sourceTree = "<group>"; };
		157B7AE127F7B60000030D80 /* SceneDelegate.swift */ = {isa = PBXFileReference; lastKnownFileType = sourcecode.swift; path = SceneDelegate.swift; sourceTree = "<group>"; };
		157B7AE327F7B60000030D80 /* HomeViewController.swift */ = {isa = PBXFileReference; lastKnownFileType = sourcecode.swift; path = HomeViewController.swift; sourceTree = "<group>"; };
		157B7AE827F7B60200030D80 /* Assets.xcassets */ = {isa = PBXFileReference; lastKnownFileType = folder.assetcatalog; path = Assets.xcassets; sourceTree = "<group>"; };
		157B7AEB27F7B60200030D80 /* Base */ = {isa = PBXFileReference; lastKnownFileType = file.storyboard; name = Base; path = Base.lproj/LaunchScreen.storyboard; sourceTree = "<group>"; };
		157B7AED27F7B60200030D80 /* Info.plist */ = {isa = PBXFileReference; lastKnownFileType = text.plist.xml; path = Info.plist; sourceTree = "<group>"; };
		157B7AF427F7BE1300030D80 /* HomeCollectionViewCell.swift */ = {isa = PBXFileReference; lastKnownFileType = sourcecode.swift; path = HomeCollectionViewCell.swift; sourceTree = "<group>"; };
		157B7AF827F7D2BF00030D80 /* Constants.swift */ = {isa = PBXFileReference; lastKnownFileType = sourcecode.swift; path = Constants.swift; sourceTree = "<group>"; };
		157B7AFC27F7D3AE00030D80 /* URLRequestProtocol.swift */ = {isa = PBXFileReference; lastKnownFileType = sourcecode.swift; path = URLRequestProtocol.swift; sourceTree = "<group>"; };
		157B7AFE27F7D45D00030D80 /* HTTPMethod.swift */ = {isa = PBXFileReference; lastKnownFileType = sourcecode.swift; path = HTTPMethod.swift; sourceTree = "<group>"; };
		157B7B0027F7D54200030D80 /* HomeRequest.swift */ = {isa = PBXFileReference; lastKnownFileType = sourcecode.swift; path = HomeRequest.swift; sourceTree = "<group>"; };
		157B7B0327F7D6B900030D80 /* Environment.swift */ = {isa = PBXFileReference; lastKnownFileType = sourcecode.swift; path = Environment.swift; sourceTree = "<group>"; };
		157B7B0527F7DDF800030D80 /* MD5.swift */ = {isa = PBXFileReference; lastKnownFileType = sourcecode.swift; path = MD5.swift; sourceTree = "<group>"; };
		157B7B0727F7EF8000030D80 /* HeroListServicesProtocol.swift */ = {isa = PBXFileReference; lastKnownFileType = sourcecode.swift; path = HeroListServicesProtocol.swift; sourceTree = "<group>"; };
		157B7B0A27F7F26300030D80 /* Hero.swift */ = {isa = PBXFileReference; lastKnownFileType = sourcecode.swift; path = Hero.swift; sourceTree = "<group>"; };
		157B7B0C27F7F2C300030D80 /* HeroListServices.swift */ = {isa = PBXFileReference; lastKnownFileType = sourcecode.swift; path = HeroListServices.swift; sourceTree = "<group>"; };
		157B7B1127F805B800030D80 /* UIImageView+Extensions.swift */ = {isa = PBXFileReference; lastKnownFileType = sourcecode.swift; path = "UIImageView+Extensions.swift"; sourceTree = "<group>"; };
/* End PBXFileReference section */

/* Begin PBXFrameworksBuildPhase section */
		157B7AD927F7B60000030D80 /* Frameworks */ = {
			isa = PBXFrameworksBuildPhase;
			buildActionMask = 2147483647;
			files = (
			);
			runOnlyForDeploymentPostprocessing = 0;
		};
/* End PBXFrameworksBuildPhase section */

/* Begin PBXGroup section */
		157B7AD327F7B5FF00030D80 = {
			isa = PBXGroup;
			children = (
				157B7ADE27F7B60000030D80 /* Desafio Marvel */,
				157B7ADD27F7B60000030D80 /* Products */,
			);
			sourceTree = "<group>";
		};
		157B7ADD27F7B60000030D80 /* Products */ = {
			isa = PBXGroup;
			children = (
				157B7ADC27F7B60000030D80 /* Desafio Marvel.app */,
			);
			name = Products;
			sourceTree = "<group>";
		};
		157B7ADE27F7B60000030D80 /* Desafio Marvel */ = {
			isa = PBXGroup;
			children = (
				157B7B1027F805A200030D80 /* Extensions */,
				157B7B0E27F7F8B900030D80 /* Scebes */,
				157B7B0927F7F25900030D80 /* Models */,
				157B7B0227F7D69900030D80 /* Application */,
				157B7AF727F7D2B300030D80 /* Commons */,
				157B7AF627F7D2A300030D80 /* Network */,
				157B7AF327F7BDF700030D80 /* Cells */,
				157B7AE827F7B60200030D80 /* Assets.xcassets */,
				157B7AEA27F7B60200030D80 /* LaunchScreen.storyboard */,
				157B7AED27F7B60200030D80 /* Info.plist */,
			);
			path = "Desafio Marvel";
			sourceTree = "<group>";
		};
		157B7AF327F7BDF700030D80 /* Cells */ = {
			isa = PBXGroup;
			children = (
				157B7AF427F7BE1300030D80 /* HomeCollectionViewCell.swift */,
			);
			path = Cells;
			sourceTree = "<group>";
		};
		157B7AF627F7D2A300030D80 /* Network */ = {
			isa = PBXGroup;
			children = (
				157B7AFA27F7D33A00030D80 /* Services */,
			);
			path = Network;
			sourceTree = "<group>";
		};
		157B7AF727F7D2B300030D80 /* Commons */ = {
			isa = PBXGroup;
			children = (
				157B7AF827F7D2BF00030D80 /* Constants.swift */,
				157B7B0527F7DDF800030D80 /* MD5.swift */,
			);
			path = Commons;
			sourceTree = "<group>";
		};
		157B7AFA27F7D33A00030D80 /* Services */ = {
			isa = PBXGroup;
			children = (
				157B7AFB27F7D39D00030D80 /* Requests */,
				157B7B0727F7EF8000030D80 /* HeroListServicesProtocol.swift */,
				157B7B0C27F7F2C300030D80 /* HeroListServices.swift */,
			);
			path = Services;
			sourceTree = "<group>";
		};
		157B7AFB27F7D39D00030D80 /* Requests */ = {
			isa = PBXGroup;
			children = (
				157B7AFC27F7D3AE00030D80 /* URLRequestProtocol.swift */,
				157B7AFE27F7D45D00030D80 /* HTTPMethod.swift */,
				157B7B0027F7D54200030D80 /* HomeRequest.swift */,
			);
			path = Requests;
			sourceTree = "<group>";
		};
		157B7B0227F7D69900030D80 /* Application */ = {
			isa = PBXGroup;
			children = (
				157B7ADF27F7B60000030D80 /* AppDelegate.swift */,
				157B7AE127F7B60000030D80 /* SceneDelegate.swift */,
				157B7B0327F7D6B900030D80 /* Environment.swift */,
			);
			path = Application;
			sourceTree = "<group>";
		};
		157B7B0927F7F25900030D80 /* Models */ = {
			isa = PBXGroup;
			children = (
				157B7B0A27F7F26300030D80 /* Hero.swift */,
			);
			path = Models;
			sourceTree = "<group>";
		};
		157B7B0E27F7F8B900030D80 /* Scebes */ = {
			isa = PBXGroup;
			children = (
				157B7B0F27F7F8C100030D80 /* Home */,
			);
			path = Scebes;
			sourceTree = "<group>";
		};
		157B7B0F27F7F8C100030D80 /* Home */ = {
			isa = PBXGroup;
			children = (
				157B7AE327F7B60000030D80 /* HomeViewController.swift */,
			);
			path = Home;
			sourceTree = "<group>";
		};
		157B7B1027F805A200030D80 /* Extensions */ = {
			isa = PBXGroup;
			children = (
				157B7B1127F805B800030D80 /* UIImageView+Extensions.swift */,
			);
			path = Extensions;
			sourceTree = "<group>";
		};
/* End PBXGroup section */

/* Begin PBXNativeTarget section */
		157B7ADB27F7B60000030D80 /* Desafio Marvel */ = {
			isa = PBXNativeTarget;
			buildConfigurationList = 157B7AF027F7B60200030D80 /* Build configuration list for PBXNativeTarget "Desafio Marvel" */;
			buildPhases = (
				157B7AD827F7B60000030D80 /* Sources */,
				157B7AD927F7B60000030D80 /* Frameworks */,
				157B7ADA27F7B60000030D80 /* Resources */,
			);
			buildRules = (
			);
			dependencies = (
			);
			name = "Desafio Marvel";
			productName = "Desafio Marvel";
			productReference = 157B7ADC27F7B60000030D80 /* Desafio Marvel.app */;
			productType = "com.apple.product-type.application";
		};
/* End PBXNativeTarget section */

/* Begin PBXProject section */
		157B7AD427F7B5FF00030D80 /* Project object */ = {
			isa = PBXProject;
			attributes = {
				BuildIndependentTargetsInParallel = 1;
				LastSwiftUpdateCheck = 1330;
				LastUpgradeCheck = 1330;
				TargetAttributes = {
					157B7ADB27F7B60000030D80 = {
						CreatedOnToolsVersion = 13.3;
					};
				};
			};
			buildConfigurationList = 157B7AD727F7B5FF00030D80 /* Build configuration list for PBXProject "Desafio Marvel" */;
			compatibilityVersion = "Xcode 13.0";
			developmentRegion = en;
			hasScannedForEncodings = 0;
			knownRegions = (
				en,
				Base,
			);
			mainGroup = 157B7AD327F7B5FF00030D80;
			productRefGroup = 157B7ADD27F7B60000030D80 /* Products */;
			projectDirPath = "";
			projectRoot = "";
			targets = (
				157B7ADB27F7B60000030D80 /* Desafio Marvel */,
			);
		};
/* End PBXProject section */

/* Begin PBXResourcesBuildPhase section */
		157B7ADA27F7B60000030D80 /* Resources */ = {
			isa = PBXResourcesBuildPhase;
			buildActionMask = 2147483647;
			files = (
				157B7AEC27F7B60200030D80 /* LaunchScreen.storyboard in Resources */,
				157B7AE927F7B60200030D80 /* Assets.xcassets in Resources */,
			);
			runOnlyForDeploymentPostprocessing = 0;
		};
/* End PBXResourcesBuildPhase section */

/* Begin PBXSourcesBuildPhase section */
		157B7AD827F7B60000030D80 /* Sources */ = {
			isa = PBXSourcesBuildPhase;
			buildActionMask = 2147483647;
			files = (
				157B7AF927F7D2BF00030D80 /* Constants.swift in Sources */,
				157B7B0827F7EF8000030D80 /* HeroListServicesProtocol.swift in Sources */,
				157B7AE427F7B60000030D80 /* HomeViewController.swift in Sources */,
				157B7AFF27F7D45D00030D80 /* HTTPMethod.swift in Sources */,
				157B7AE027F7B60000030D80 /* AppDelegate.swift in Sources */,
				157B7B0D27F7F2C300030D80 /* HeroListServices.swift in Sources */,
				157B7B0427F7D6B900030D80 /* Environment.swift in Sources */,
				157B7AE227F7B60000030D80 /* SceneDelegate.swift in Sources */,
				157B7B1227F805B800030D80 /* UIImageView+Extensions.swift in Sources */,
				157B7B0627F7DDF800030D80 /* MD5.swift in Sources */,
				157B7AF527F7BE1300030D80 /* HomeCollectionViewCell.swift in Sources */,
				157B7B0127F7D54200030D80 /* HomeRequest.swift in Sources */,
				157B7AFD27F7D3AE00030D80 /* URLRequestProtocol.swift in Sources */,
				157B7B0B27F7F26300030D80 /* Hero.swift in Sources */,
			);
			runOnlyForDeploymentPostprocessing = 0;
		};
/* End PBXSourcesBuildPhase section */

/* Begin PBXVariantGroup section */
		157B7AEA27F7B60200030D80 /* LaunchScreen.storyboard */ = {
			isa = PBXVariantGroup;
			children = (
				157B7AEB27F7B60200030D80 /* Base */,
			);
			name = LaunchScreen.storyboard;
			sourceTree = "<group>";
		};
/* End PBXVariantGroup section */

/* Begin XCBuildConfiguration section */
		157B7AEE27F7B60200030D80 /* Debug */ = {
			isa = XCBuildConfiguration;
			buildSettings = {
				ALWAYS_SEARCH_USER_PATHS = NO;
				CLANG_ANALYZER_NONNULL = YES;
				CLANG_ANALYZER_NUMBER_OBJECT_CONVERSION = YES_AGGRESSIVE;
				CLANG_CXX_LANGUAGE_STANDARD = "gnu++17";
				CLANG_ENABLE_MODULES = YES;
				CLANG_ENABLE_OBJC_ARC = YES;
				CLANG_ENABLE_OBJC_WEAK = YES;
				CLANG_WARN_BLOCK_CAPTURE_AUTORELEASING = YES;
				CLANG_WARN_BOOL_CONVERSION = YES;
				CLANG_WARN_COMMA = YES;
				CLANG_WARN_CONSTANT_CONVERSION = YES;
				CLANG_WARN_DEPRECATED_OBJC_IMPLEMENTATIONS = YES;
				CLANG_WARN_DIRECT_OBJC_ISA_USAGE = YES_ERROR;
				CLANG_WARN_DOCUMENTATION_COMMENTS = YES;
				CLANG_WARN_EMPTY_BODY = YES;
				CLANG_WARN_ENUM_CONVERSION = YES;
				CLANG_WARN_INFINITE_RECURSION = YES;
				CLANG_WARN_INT_CONVERSION = YES;
				CLANG_WARN_NON_LITERAL_NULL_CONVERSION = YES;
				CLANG_WARN_OBJC_IMPLICIT_RETAIN_SELF = YES;
				CLANG_WARN_OBJC_LITERAL_CONVERSION = YES;
				CLANG_WARN_OBJC_ROOT_CLASS = YES_ERROR;
				CLANG_WARN_QUOTED_INCLUDE_IN_FRAMEWORK_HEADER = YES;
				CLANG_WARN_RANGE_LOOP_ANALYSIS = YES;
				CLANG_WARN_STRICT_PROTOTYPES = YES;
				CLANG_WARN_SUSPICIOUS_MOVE = YES;
				CLANG_WARN_UNGUARDED_AVAILABILITY = YES_AGGRESSIVE;
				CLANG_WARN_UNREACHABLE_CODE = YES;
				CLANG_WARN__DUPLICATE_METHOD_MATCH = YES;
				COPY_PHASE_STRIP = NO;
				DEBUG_INFORMATION_FORMAT = dwarf;
				ENABLE_STRICT_OBJC_MSGSEND = YES;
				ENABLE_TESTABILITY = YES;
				GCC_C_LANGUAGE_STANDARD = gnu11;
				GCC_DYNAMIC_NO_PIC = NO;
				GCC_NO_COMMON_BLOCKS = YES;
				GCC_OPTIMIZATION_LEVEL = 0;
				GCC_PREPROCESSOR_DEFINITIONS = (
					"DEBUG=1",
					"$(inherited)",
				);
				GCC_WARN_64_TO_32_BIT_CONVERSION = YES;
				GCC_WARN_ABOUT_RETURN_TYPE = YES_ERROR;
				GCC_WARN_UNDECLARED_SELECTOR = YES;
				GCC_WARN_UNINITIALIZED_AUTOS = YES_AGGRESSIVE;
				GCC_WARN_UNUSED_FUNCTION = YES;
				GCC_WARN_UNUSED_VARIABLE = YES;
				IPHONEOS_DEPLOYMENT_TARGET = 15.4;
				MTL_ENABLE_DEBUG_INFO = INCLUDE_SOURCE;
				MTL_FAST_MATH = YES;
				ONLY_ACTIVE_ARCH = YES;
				SDKROOT = iphoneos;
				SWIFT_ACTIVE_COMPILATION_CONDITIONS = DEBUG;
				SWIFT_OPTIMIZATION_LEVEL = "-Onone";
			};
			name = Debug;
		};
		157B7AEF27F7B60200030D80 /* Release */ = {
			isa = XCBuildConfiguration;
			buildSettings = {
				ALWAYS_SEARCH_USER_PATHS = NO;
				CLANG_ANALYZER_NONNULL = YES;
				CLANG_ANALYZER_NUMBER_OBJECT_CONVERSION = YES_AGGRESSIVE;
				CLANG_CXX_LANGUAGE_STANDARD = "gnu++17";
				CLANG_ENABLE_MODULES = YES;
				CLANG_ENABLE_OBJC_ARC = YES;
				CLANG_ENABLE_OBJC_WEAK = YES;
				CLANG_WARN_BLOCK_CAPTURE_AUTORELEASING = YES;
				CLANG_WARN_BOOL_CONVERSION = YES;
				CLANG_WARN_COMMA = YES;
				CLANG_WARN_CONSTANT_CONVERSION = YES;
				CLANG_WARN_DEPRECATED_OBJC_IMPLEMENTATIONS = YES;
				CLANG_WARN_DIRECT_OBJC_ISA_USAGE = YES_ERROR;
				CLANG_WARN_DOCUMENTATION_COMMENTS = YES;
				CLANG_WARN_EMPTY_BODY = YES;
				CLANG_WARN_ENUM_CONVERSION = YES;
				CLANG_WARN_INFINITE_RECURSION = YES;
				CLANG_WARN_INT_CONVERSION = YES;
				CLANG_WARN_NON_LITERAL_NULL_CONVERSION = YES;
				CLANG_WARN_OBJC_IMPLICIT_RETAIN_SELF = YES;
				CLANG_WARN_OBJC_LITERAL_CONVERSION = YES;
				CLANG_WARN_OBJC_ROOT_CLASS = YES_ERROR;
				CLANG_WARN_QUOTED_INCLUDE_IN_FRAMEWORK_HEADER = YES;
				CLANG_WARN_RANGE_LOOP_ANALYSIS = YES;
				CLANG_WARN_STRICT_PROTOTYPES = YES;
				CLANG_WARN_SUSPICIOUS_MOVE = YES;
				CLANG_WARN_UNGUARDED_AVAILABILITY = YES_AGGRESSIVE;
				CLANG_WARN_UNREACHABLE_CODE = YES;
				CLANG_WARN__DUPLICATE_METHOD_MATCH = YES;
				COPY_PHASE_STRIP = NO;
				DEBUG_INFORMATION_FORMAT = "dwarf-with-dsym";
				ENABLE_NS_ASSERTIONS = NO;
				ENABLE_STRICT_OBJC_MSGSEND = YES;
				GCC_C_LANGUAGE_STANDARD = gnu11;
				GCC_NO_COMMON_BLOCKS = YES;
				GCC_WARN_64_TO_32_BIT_CONVERSION = YES;
				GCC_WARN_ABOUT_RETURN_TYPE = YES_ERROR;
				GCC_WARN_UNDECLARED_SELECTOR = YES;
				GCC_WARN_UNINITIALIZED_AUTOS = YES_AGGRESSIVE;
				GCC_WARN_UNUSED_FUNCTION = YES;
				GCC_WARN_UNUSED_VARIABLE = YES;
				IPHONEOS_DEPLOYMENT_TARGET = 15.4;
				MTL_ENABLE_DEBUG_INFO = NO;
				MTL_FAST_MATH = YES;
				SDKROOT = iphoneos;
				SWIFT_COMPILATION_MODE = wholemodule;
				SWIFT_OPTIMIZATION_LEVEL = "-O";
				VALIDATE_PRODUCT = YES;
			};
			name = Release;
		};
		157B7AF127F7B60200030D80 /* Debug */ = {
			isa = XCBuildConfiguration;
			buildSettings = {
				ASSETCATALOG_COMPILER_APPICON_NAME = AppIcon;
				ASSETCATALOG_COMPILER_GLOBAL_ACCENT_COLOR_NAME = AccentColor;
				CODE_SIGN_STYLE = Automatic;
				CURRENT_PROJECT_VERSION = 1;
				DEVELOPMENT_TEAM = 3753BCYQD8;
				GENERATE_INFOPLIST_FILE = YES;
				INFOPLIST_FILE = "Desafio Marvel/Info.plist";
				INFOPLIST_KEY_UIApplicationSupportsIndirectInputEvents = YES;
				INFOPLIST_KEY_UILaunchStoryboardName = LaunchScreen;
				INFOPLIST_KEY_UISupportedInterfaceOrientations_iPad = "UIInterfaceOrientationPortrait UIInterfaceOrientationPortraitUpsideDown UIInterfaceOrientationLandscapeLeft UIInterfaceOrientationLandscapeRight";
				INFOPLIST_KEY_UISupportedInterfaceOrientations_iPhone = "UIInterfaceOrientationPortrait UIInterfaceOrientationLandscapeLeft UIInterfaceOrientationLandscapeRight";
				LD_RUNPATH_SEARCH_PATHS = (
					"$(inherited)",
					"@executable_path/Frameworks",
				);
				MARKETING_VERSION = 1.0;
				PRODUCT_BUNDLE_IDENTIFIER = "com.felipeb.Desafio-Marvel";
				PRODUCT_NAME = "$(TARGET_NAME)";
				SWIFT_EMIT_LOC_STRINGS = YES;
				SWIFT_VERSION = 5.0;
				TARGETED_DEVICE_FAMILY = 1;
			};
			name = Debug;
		};
		157B7AF227F7B60200030D80 /* Release */ = {
			isa = XCBuildConfiguration;
			buildSettings = {
				ASSETCATALOG_COMPILER_APPICON_NAME = AppIcon;
				ASSETCATALOG_COMPILER_GLOBAL_ACCENT_COLOR_NAME = AccentColor;
				CODE_SIGN_STYLE = Automatic;
				CURRENT_PROJECT_VERSION = 1;
				DEVELOPMENT_TEAM = 3753BCYQD8;
				GENERATE_INFOPLIST_FILE = YES;
				INFOPLIST_FILE = "Desafio Marvel/Info.plist";
				INFOPLIST_KEY_UIApplicationSupportsIndirectInputEvents = YES;
				INFOPLIST_KEY_UILaunchStoryboardName = LaunchScreen;
				INFOPLIST_KEY_UISupportedInterfaceOrientations_iPad = "UIInterfaceOrientationPortrait UIInterfaceOrientationPortraitUpsideDown UIInterfaceOrientationLandscapeLeft UIInterfaceOrientationLandscapeRight";
				INFOPLIST_KEY_UISupportedInterfaceOrientations_iPhone = "UIInterfaceOrientationPortrait UIInterfaceOrientationLandscapeLeft UIInterfaceOrientationLandscapeRight";
				LD_RUNPATH_SEARCH_PATHS = (
					"$(inherited)",
					"@executable_path/Frameworks",
				);
				MARKETING_VERSION = 1.0;
				PRODUCT_BUNDLE_IDENTIFIER = "com.felipeb.Desafio-Marvel";
				PRODUCT_NAME = "$(TARGET_NAME)";
				SWIFT_EMIT_LOC_STRINGS = YES;
				SWIFT_VERSION = 5.0;
				TARGETED_DEVICE_FAMILY = 1;
			};
			name = Release;
		};
/* End XCBuildConfiguration section */

/* Begin XCConfigurationList section */
		157B7AD727F7B5FF00030D80 /* Build configuration list for PBXProject "Desafio Marvel" */ = {
			isa = XCConfigurationList;
			buildConfigurations = (
				157B7AEE27F7B60200030D80 /* Debug */,
				157B7AEF27F7B60200030D80 /* Release */,
			);
			defaultConfigurationIsVisible = 0;
			defaultConfigurationName = Release;
		};
		157B7AF027F7B60200030D80 /* Build configuration list for PBXNativeTarget "Desafio Marvel" */ = {
			isa = XCConfigurationList;
			buildConfigurations = (
				157B7AF127F7B60200030D80 /* Debug */,
				157B7AF227F7B60200030D80 /* Release */,
			);
			defaultConfigurationIsVisible = 0;
			defaultConfigurationName = Release;
		};
/* End XCConfigurationList section */
	};
	rootObject = 157B7AD427F7B5FF00030D80 /* Project object */;
}
